{
  "name": "bsmychat",
  "version": "1.0.0",
  "lockfileVersion": 3,
  "requires": true,
  "packages": {
    "": {
      "name": "bsmychat",
      "version": "1.0.0",
      "license": "ISC",
      "devDependencies": {
        "electron": "file:electron-v32.2.5-win32-x64"
      }
    },
    "electron-v32.2.5-win32-x64": {
      "name": "electron",
      "version": "32.2.5",
      "dev": true
    },
    "node_modules/electron": {
      "resolved": "electron-v32.2.5-win32-x64",
      "link": true
    }
  }
}
